// !$*UTF8*$!
{
	archiveVersion = 1;
	classes = {
	};
	objectVersion = 50;
	objects = {

/* Begin PBXBuildFile section */
		6425170124DAF51A0096C173 /* AppDelegate.swift in Sources */ = {isa = PBXBuildFile; fileRef = 6425170024DAF51A0096C173 /* AppDelegate.swift */; };
		6425170A24DAF51B0096C173 /* Assets.xcassets in Resources */ = {isa = PBXBuildFile; fileRef = 6425170924DAF51B0096C173 /* Assets.xcassets */; };
		6425170D24DAF51B0096C173 /* LaunchScreen.storyboard in Resources */ = {isa = PBXBuildFile; fileRef = 6425170B24DAF51B0096C173 /* LaunchScreen.storyboard */; };
		6425171824DAF51B0096C173 /* ArchitectureSample_iOSTests.swift in Sources */ = {isa = PBXBuildFile; fileRef = 6425171724DAF51B0096C173 /* ArchitectureSample_iOSTests.swift */; };
		6425172324DAF51B0096C173 /* ArchitectureSample_iOSUITests.swift in Sources */ = {isa = PBXBuildFile; fileRef = 6425172224DAF51B0096C173 /* ArchitectureSample_iOSUITests.swift */; };
		6425173424DB002F0096C173 /* APIClient.swift in Sources */ = {isa = PBXBuildFile; fileRef = 6425173324DB002F0096C173 /* APIClient.swift */; };
		645174BB2515072C00CEF140 /* Down.framework in Frameworks */ = {isa = PBXBuildFile; fileRef = 645174BA2515072C00CEF140 /* Down.framework */; };
		645174BC2515072C00CEF140 /* Down.framework in Embed Frameworks */ = {isa = PBXBuildFile; fileRef = 645174BA2515072C00CEF140 /* Down.framework */; settings = {ATTRIBUTES = (CodeSignOnCopy, RemoveHeadersOnCopy, ); }; };
		645174BE251515CD00CEF140 /* GitHubRepositoryReadmeEntity.swift in Sources */ = {isa = PBXBuildFile; fileRef = 645174BD251515CD00CEF140 /* GitHubRepositoryReadmeEntity.swift */; };
		645174C02515188800CEF140 /* GitHubRepositoryDetailDataStore.swift in Sources */ = {isa = PBXBuildFile; fileRef = 645174BF2515188800CEF140 /* GitHubRepositoryDetailDataStore.swift */; };
		645174C2251748CC00CEF140 /* GitHubRepositoryDetailRepository.swift in Sources */ = {isa = PBXBuildFile; fileRef = 645174C1251748CC00CEF140 /* GitHubRepositoryDetailRepository.swift */; };
		645174C425177C4F00CEF140 /* GitHubRepositoryReadmeModel.swift in Sources */ = {isa = PBXBuildFile; fileRef = 645174C325177C4F00CEF140 /* GitHubRepositoryReadmeModel.swift */; };
		645174C625177D7600CEF140 /* GitHubRepositoryDetailTranslator.swift in Sources */ = {isa = PBXBuildFile; fileRef = 645174C525177D7600CEF140 /* GitHubRepositoryDetailTranslator.swift */; };
		645174C82517903B00CEF140 /* GitHubRepositoryDetailUseCase.swift in Sources */ = {isa = PBXBuildFile; fileRef = 645174C72517903B00CEF140 /* GitHubRepositoryDetailUseCase.swift */; };
		645174CC2517928E00CEF140 /* GitHubRepositoryDetailPresenter.swift in Sources */ = {isa = PBXBuildFile; fileRef = 645174CB2517928E00CEF140 /* GitHubRepositoryDetailPresenter.swift */; };
		645174CE2517929B00CEF140 /* GitHubRepositoryDetailPresenterImpl.swift in Sources */ = {isa = PBXBuildFile; fileRef = 645174CD2517929B00CEF140 /* GitHubRepositoryDetailPresenterImpl.swift */; };
		645174D0251792C600CEF140 /* GitHubRepositoryDetailViewControllerBuilder.swift in Sources */ = {isa = PBXBuildFile; fileRef = 645174CF251792C600CEF140 /* GitHubRepositoryDetailViewControllerBuilder.swift */; };
		645174D22519087C00CEF140 /* GitHubRepositoryDetailUI.swift in Sources */ = {isa = PBXBuildFile; fileRef = 645174D12519087C00CEF140 /* GitHubRepositoryDetailUI.swift */; };
		645174D4251A41D700CEF140 /* UIAlertController+Extension.swift in Sources */ = {isa = PBXBuildFile; fileRef = 645174D3251A41D700CEF140 /* UIAlertController+Extension.swift */; };
		64563B6824EEAFD0005EEF3A /* Logger.swift in Sources */ = {isa = PBXBuildFile; fileRef = 64563B6724EEAFD0005EEF3A /* Logger.swift */; };
		6459BDDD25110F57002F3FC6 /* RepositoryReadmeRequest.swift in Sources */ = {isa = PBXBuildFile; fileRef = 6459BDDC25110F57002F3FC6 /* RepositoryReadmeRequest.swift */; };
		6464E53D25012C3C00C765DC /* GitHubRepositoryModel.swift in Sources */ = {isa = PBXBuildFile; fileRef = 6464E53C25012C3C00C765DC /* GitHubRepositoryModel.swift */; };
		6464E53F25012D6600C765DC /* Translator.swift in Sources */ = {isa = PBXBuildFile; fileRef = 6464E53E25012D6600C765DC /* Translator.swift */; };
		6464E54125012DBD00C765DC /* GitHubRepositoryTranslator.swift in Sources */ = {isa = PBXBuildFile; fileRef = 6464E54025012DBD00C765DC /* GitHubRepositoryTranslator.swift */; };
		64821DC324E428DE0035247C /* UI.swift in Sources */ = {isa = PBXBuildFile; fileRef = 64821DC224E428DE0035247C /* UI.swift */; };
		64821DC824E4299B0035247C /* GitHubSearchRepositoryListViewController.swift in Sources */ = {isa = PBXBuildFile; fileRef = 64821DC724E4299B0035247C /* GitHubSearchRepositoryListViewController.swift */; };
		64821DCB24E42A4B0035247C /* GitHubSearchRepositoryUI.swift in Sources */ = {isa = PBXBuildFile; fileRef = 64821DCA24E42A4B0035247C /* GitHubSearchRepositoryUI.swift */; };
		64821DCF24E539520035247C /* GitHubSearchRepositoryPresenter.swift in Sources */ = {isa = PBXBuildFile; fileRef = 64821DCE24E539520035247C /* GitHubSearchRepositoryPresenter.swift */; };
		6487799B24E6C67500443FF6 /* GitHubSearchRepositoryUseCase.swift in Sources */ = {isa = PBXBuildFile; fileRef = 6487799A24E6C67500443FF6 /* GitHubSearchRepositoryUseCase.swift */; };
		6487799E24E6C80300443FF6 /* GitHubRepositoryDetailViewController.swift in Sources */ = {isa = PBXBuildFile; fileRef = 6487799D24E6C80300443FF6 /* GitHubRepositoryDetailViewController.swift */; };
		648779A324E7CBB200443FF6 /* GitHubSearchRepositoryListRepository.swift in Sources */ = {isa = PBXBuildFile; fileRef = 648779A224E7CBB200443FF6 /* GitHubSearchRepositoryListRepository.swift */; };
		648779A524E7CBBF00443FF6 /* GitHubSearchRepositoryListDataStore.swift in Sources */ = {isa = PBXBuildFile; fileRef = 648779A424E7CBBF00443FF6 /* GitHubSearchRepositoryListDataStore.swift */; };
		648779A724E7CBD200443FF6 /* GitHubSearchRepositoryListEntity.swift in Sources */ = {isa = PBXBuildFile; fileRef = 648779A624E7CBD200443FF6 /* GitHubSearchRepositoryListEntity.swift */; };
		64B181EF24E53C2C00530280 /* GitHubSearchRepositoryPresenterImpl.swift in Sources */ = {isa = PBXBuildFile; fileRef = 64B181EE24E53C2C00530280 /* GitHubSearchRepositoryPresenterImpl.swift */; };
		64B7E118250B9DBD002C1A47 /* SearchRepositoryRequest.swift in Sources */ = {isa = PBXBuildFile; fileRef = 64B7E117250B9DBD002C1A47 /* SearchRepositoryRequest.swift */; };
		64B7E11B250BA876002C1A47 /* Nuke.framework in Frameworks */ = {isa = PBXBuildFile; fileRef = 64B7E11A250BA876002C1A47 /* Nuke.framework */; };
		64B7E11C250BA876002C1A47 /* Nuke.framework in Embed Frameworks */ = {isa = PBXBuildFile; fileRef = 64B7E11A250BA876002C1A47 /* Nuke.framework */; settings = {ATTRIBUTES = (CodeSignOnCopy, RemoveHeadersOnCopy, ); }; };
		64B7E122250BAAD8002C1A47 /* UIImageView+Extension.swift in Sources */ = {isa = PBXBuildFile; fileRef = 64B7E121250BAAD8002C1A47 /* UIImageView+Extension.swift */; };
		64B7E126250F7370002C1A47 /* GrayOutActivityIndicatorView.swift in Sources */ = {isa = PBXBuildFile; fileRef = 64B7E125250F7370002C1A47 /* GrayOutActivityIndicatorView.swift */; };
		64F9165724F75C1A00520D24 /* ViewControllerBuilder.swift in Sources */ = {isa = PBXBuildFile; fileRef = 64F9165624F75C1A00520D24 /* ViewControllerBuilder.swift */; };
		64F9165924F75C8000520D24 /* GitHubSearchRepositoryListViewControllerBuilder.swift in Sources */ = {isa = PBXBuildFile; fileRef = 64F9165824F75C8000520D24 /* GitHubSearchRepositoryListViewControllerBuilder.swift */; };
		64FAEDAB2505C58300F62F33 /* GitHubSearchRepositoryListTableViewCell.swift in Sources */ = {isa = PBXBuildFile; fileRef = 64FAEDAA2505C58300F62F33 /* GitHubSearchRepositoryListTableViewCell.swift */; };
/* End PBXBuildFile section */

/* Begin PBXContainerItemProxy section */
		6425171424DAF51B0096C173 /* PBXContainerItemProxy */ = {
			isa = PBXContainerItemProxy;
			containerPortal = 642516F524DAF51A0096C173 /* Project object */;
			proxyType = 1;
			remoteGlobalIDString = 642516FC24DAF51A0096C173;
			remoteInfo = "ArchitectureSample-iOS";
		};
		6425171F24DAF51B0096C173 /* PBXContainerItemProxy */ = {
			isa = PBXContainerItemProxy;
			containerPortal = 642516F524DAF51A0096C173 /* Project object */;
			proxyType = 1;
			remoteGlobalIDString = 642516FC24DAF51A0096C173;
			remoteInfo = "ArchitectureSample-iOS";
		};
/* End PBXContainerItemProxy section */

/* Begin PBXCopyFilesBuildPhase section */
		64B7E11D250BA876002C1A47 /* Embed Frameworks */ = {
			isa = PBXCopyFilesBuildPhase;
			buildActionMask = 2147483647;
			dstPath = "";
			dstSubfolderSpec = 10;
			files = (
				645174BC2515072C00CEF140 /* Down.framework in Embed Frameworks */,
				64B7E11C250BA876002C1A47 /* Nuke.framework in Embed Frameworks */,
			);
			name = "Embed Frameworks";
			runOnlyForDeploymentPostprocessing = 0;
		};
/* End PBXCopyFilesBuildPhase section */

/* Begin PBXFileReference section */
		642516FD24DAF51A0096C173 /* ArchitectureSample-iOS.app */ = {isa = PBXFileReference; explicitFileType = wrapper.application; includeInIndex = 0; path = "ArchitectureSample-iOS.app"; sourceTree = BUILT_PRODUCTS_DIR; };
		6425170024DAF51A0096C173 /* AppDelegate.swift */ = {isa = PBXFileReference; lastKnownFileType = sourcecode.swift; path = AppDelegate.swift; sourceTree = "<group>"; };
		6425170924DAF51B0096C173 /* Assets.xcassets */ = {isa = PBXFileReference; lastKnownFileType = folder.assetcatalog; path = Assets.xcassets; sourceTree = "<group>"; };
		6425170C24DAF51B0096C173 /* Base */ = {isa = PBXFileReference; lastKnownFileType = file.storyboard; name = Base; path = Base.lproj/LaunchScreen.storyboard; sourceTree = "<group>"; };
		6425170E24DAF51B0096C173 /* Info.plist */ = {isa = PBXFileReference; lastKnownFileType = text.plist.xml; path = Info.plist; sourceTree = "<group>"; };
		6425171324DAF51B0096C173 /* ArchitectureSample-iOSTests.xctest */ = {isa = PBXFileReference; explicitFileType = wrapper.cfbundle; includeInIndex = 0; path = "ArchitectureSample-iOSTests.xctest"; sourceTree = BUILT_PRODUCTS_DIR; };
		6425171724DAF51B0096C173 /* ArchitectureSample_iOSTests.swift */ = {isa = PBXFileReference; lastKnownFileType = sourcecode.swift; path = ArchitectureSample_iOSTests.swift; sourceTree = "<group>"; };
		6425171924DAF51B0096C173 /* Info.plist */ = {isa = PBXFileReference; lastKnownFileType = text.plist.xml; path = Info.plist; sourceTree = "<group>"; };
		6425171E24DAF51B0096C173 /* ArchitectureSample-iOSUITests.xctest */ = {isa = PBXFileReference; explicitFileType = wrapper.cfbundle; includeInIndex = 0; path = "ArchitectureSample-iOSUITests.xctest"; sourceTree = BUILT_PRODUCTS_DIR; };
		6425172224DAF51B0096C173 /* ArchitectureSample_iOSUITests.swift */ = {isa = PBXFileReference; lastKnownFileType = sourcecode.swift; path = ArchitectureSample_iOSUITests.swift; sourceTree = "<group>"; };
		6425172424DAF51B0096C173 /* Info.plist */ = {isa = PBXFileReference; lastKnownFileType = text.plist.xml; path = Info.plist; sourceTree = "<group>"; };
		6425173324DB002F0096C173 /* APIClient.swift */ = {isa = PBXFileReference; lastKnownFileType = sourcecode.swift; path = APIClient.swift; sourceTree = "<group>"; };
		645174BA2515072C00CEF140 /* Down.framework */ = {isa = PBXFileReference; lastKnownFileType = wrapper.framework; name = Down.framework; path = Carthage/Build/iOS/Down.framework; sourceTree = "<group>"; };
		645174BD251515CD00CEF140 /* GitHubRepositoryReadmeEntity.swift */ = {isa = PBXFileReference; lastKnownFileType = sourcecode.swift; path = GitHubRepositoryReadmeEntity.swift; sourceTree = "<group>"; };
		645174BF2515188800CEF140 /* GitHubRepositoryDetailDataStore.swift */ = {isa = PBXFileReference; lastKnownFileType = sourcecode.swift; path = GitHubRepositoryDetailDataStore.swift; sourceTree = "<group>"; };
		645174C1251748CC00CEF140 /* GitHubRepositoryDetailRepository.swift */ = {isa = PBXFileReference; lastKnownFileType = sourcecode.swift; path = GitHubRepositoryDetailRepository.swift; sourceTree = "<group>"; };
		645174C325177C4F00CEF140 /* GitHubRepositoryReadmeModel.swift */ = {isa = PBXFileReference; lastKnownFileType = sourcecode.swift; path = GitHubRepositoryReadmeModel.swift; sourceTree = "<group>"; };
		645174C525177D7600CEF140 /* GitHubRepositoryDetailTranslator.swift */ = {isa = PBXFileReference; lastKnownFileType = sourcecode.swift; path = GitHubRepositoryDetailTranslator.swift; sourceTree = "<group>"; };
		645174C72517903B00CEF140 /* GitHubRepositoryDetailUseCase.swift */ = {isa = PBXFileReference; lastKnownFileType = sourcecode.swift; path = GitHubRepositoryDetailUseCase.swift; sourceTree = "<group>"; };
		645174CB2517928E00CEF140 /* GitHubRepositoryDetailPresenter.swift */ = {isa = PBXFileReference; lastKnownFileType = sourcecode.swift; path = GitHubRepositoryDetailPresenter.swift; sourceTree = "<group>"; };
		645174CD2517929B00CEF140 /* GitHubRepositoryDetailPresenterImpl.swift */ = {isa = PBXFileReference; lastKnownFileType = sourcecode.swift; path = GitHubRepositoryDetailPresenterImpl.swift; sourceTree = "<group>"; };
		645174CF251792C600CEF140 /* GitHubRepositoryDetailViewControllerBuilder.swift */ = {isa = PBXFileReference; lastKnownFileType = sourcecode.swift; path = GitHubRepositoryDetailViewControllerBuilder.swift; sourceTree = "<group>"; };
		645174D12519087C00CEF140 /* GitHubRepositoryDetailUI.swift */ = {isa = PBXFileReference; lastKnownFileType = sourcecode.swift; path = GitHubRepositoryDetailUI.swift; sourceTree = "<group>"; };
		645174D3251A41D700CEF140 /* UIAlertController+Extension.swift */ = {isa = PBXFileReference; lastKnownFileType = sourcecode.swift; path = "UIAlertController+Extension.swift"; sourceTree = "<group>"; };
		64563B6724EEAFD0005EEF3A /* Logger.swift */ = {isa = PBXFileReference; lastKnownFileType = sourcecode.swift; path = Logger.swift; sourceTree = "<group>"; };
		6459BDDC25110F57002F3FC6 /* RepositoryReadmeRequest.swift */ = {isa = PBXFileReference; lastKnownFileType = sourcecode.swift; path = RepositoryReadmeRequest.swift; sourceTree = "<group>"; };
		6464E53C25012C3C00C765DC /* GitHubRepositoryModel.swift */ = {isa = PBXFileReference; lastKnownFileType = sourcecode.swift; path = GitHubRepositoryModel.swift; sourceTree = "<group>"; };
		6464E53E25012D6600C765DC /* Translator.swift */ = {isa = PBXFileReference; lastKnownFileType = sourcecode.swift; path = Translator.swift; sourceTree = "<group>"; };
		6464E54025012DBD00C765DC /* GitHubRepositoryTranslator.swift */ = {isa = PBXFileReference; lastKnownFileType = sourcecode.swift; path = GitHubRepositoryTranslator.swift; sourceTree = "<group>"; };
		64821DC224E428DE0035247C /* UI.swift */ = {isa = PBXFileReference; lastKnownFileType = sourcecode.swift; path = UI.swift; sourceTree = "<group>"; };
		64821DC724E4299B0035247C /* GitHubSearchRepositoryListViewController.swift */ = {isa = PBXFileReference; lastKnownFileType = sourcecode.swift; path = GitHubSearchRepositoryListViewController.swift; sourceTree = "<group>"; };
		64821DCA24E42A4B0035247C /* GitHubSearchRepositoryUI.swift */ = {isa = PBXFileReference; lastKnownFileType = sourcecode.swift; path = GitHubSearchRepositoryUI.swift; sourceTree = "<group>"; };
		64821DCE24E539520035247C /* GitHubSearchRepositoryPresenter.swift */ = {isa = PBXFileReference; lastKnownFileType = sourcecode.swift; path = GitHubSearchRepositoryPresenter.swift; sourceTree = "<group>"; };
		6487799A24E6C67500443FF6 /* GitHubSearchRepositoryUseCase.swift */ = {isa = PBXFileReference; lastKnownFileType = sourcecode.swift; path = GitHubSearchRepositoryUseCase.swift; sourceTree = "<group>"; };
		6487799D24E6C80300443FF6 /* GitHubRepositoryDetailViewController.swift */ = {isa = PBXFileReference; lastKnownFileType = sourcecode.swift; path = GitHubRepositoryDetailViewController.swift; sourceTree = "<group>"; };
		648779A224E7CBB200443FF6 /* GitHubSearchRepositoryListRepository.swift */ = {isa = PBXFileReference; lastKnownFileType = sourcecode.swift; path = GitHubSearchRepositoryListRepository.swift; sourceTree = "<group>"; };
		648779A424E7CBBF00443FF6 /* GitHubSearchRepositoryListDataStore.swift */ = {isa = PBXFileReference; lastKnownFileType = sourcecode.swift; path = GitHubSearchRepositoryListDataStore.swift; sourceTree = "<group>"; };
		648779A624E7CBD200443FF6 /* GitHubSearchRepositoryListEntity.swift */ = {isa = PBXFileReference; lastKnownFileType = sourcecode.swift; path = GitHubSearchRepositoryListEntity.swift; sourceTree = "<group>"; };
		64B181EE24E53C2C00530280 /* GitHubSearchRepositoryPresenterImpl.swift */ = {isa = PBXFileReference; lastKnownFileType = sourcecode.swift; path = GitHubSearchRepositoryPresenterImpl.swift; sourceTree = "<group>"; };
		64B7E117250B9DBD002C1A47 /* SearchRepositoryRequest.swift */ = {isa = PBXFileReference; lastKnownFileType = sourcecode.swift; path = SearchRepositoryRequest.swift; sourceTree = "<group>"; };
		64B7E11A250BA876002C1A47 /* Nuke.framework */ = {isa = PBXFileReference; lastKnownFileType = wrapper.framework; name = Nuke.framework; path = Carthage/Build/iOS/Nuke.framework; sourceTree = "<group>"; };
		64B7E121250BAAD8002C1A47 /* UIImageView+Extension.swift */ = {isa = PBXFileReference; lastKnownFileType = sourcecode.swift; path = "UIImageView+Extension.swift"; sourceTree = "<group>"; };
		64B7E125250F7370002C1A47 /* GrayOutActivityIndicatorView.swift */ = {isa = PBXFileReference; lastKnownFileType = sourcecode.swift; path = GrayOutActivityIndicatorView.swift; sourceTree = "<group>"; };
		64F9165624F75C1A00520D24 /* ViewControllerBuilder.swift */ = {isa = PBXFileReference; lastKnownFileType = sourcecode.swift; path = ViewControllerBuilder.swift; sourceTree = "<group>"; };
		64F9165824F75C8000520D24 /* GitHubSearchRepositoryListViewControllerBuilder.swift */ = {isa = PBXFileReference; lastKnownFileType = sourcecode.swift; path = GitHubSearchRepositoryListViewControllerBuilder.swift; sourceTree = "<group>"; };
		64FAEDAA2505C58300F62F33 /* GitHubSearchRepositoryListTableViewCell.swift */ = {isa = PBXFileReference; lastKnownFileType = sourcecode.swift; path = GitHubSearchRepositoryListTableViewCell.swift; sourceTree = "<group>"; };
/* End PBXFileReference section */

/* Begin PBXFrameworksBuildPhase section */
		642516FA24DAF51A0096C173 /* Frameworks */ = {
			isa = PBXFrameworksBuildPhase;
			buildActionMask = 2147483647;
			files = (
				645174BB2515072C00CEF140 /* Down.framework in Frameworks */,
				64B7E11B250BA876002C1A47 /* Nuke.framework in Frameworks */,
			);
			runOnlyForDeploymentPostprocessing = 0;
		};
		6425171024DAF51B0096C173 /* Frameworks */ = {
			isa = PBXFrameworksBuildPhase;
			buildActionMask = 2147483647;
			files = (
			);
			runOnlyForDeploymentPostprocessing = 0;
		};
		6425171B24DAF51B0096C173 /* Frameworks */ = {
			isa = PBXFrameworksBuildPhase;
			buildActionMask = 2147483647;
			files = (
			);
			runOnlyForDeploymentPostprocessing = 0;
		};
/* End PBXFrameworksBuildPhase section */

/* Begin PBXGroup section */
		642516F424DAF51A0096C173 = {
			isa = PBXGroup;
			children = (
				642516FF24DAF51A0096C173 /* ArchitectureSample-iOS */,
				6425171624DAF51B0096C173 /* ArchitectureSample-iOSTests */,
				6425172124DAF51B0096C173 /* ArchitectureSample-iOSUITests */,
				642516FE24DAF51A0096C173 /* Products */,
				64B7E119250BA876002C1A47 /* Frameworks */,
			);
			sourceTree = "<group>";
		};
		642516FE24DAF51A0096C173 /* Products */ = {
			isa = PBXGroup;
			children = (
				642516FD24DAF51A0096C173 /* ArchitectureSample-iOS.app */,
				6425171324DAF51B0096C173 /* ArchitectureSample-iOSTests.xctest */,
				6425171E24DAF51B0096C173 /* ArchitectureSample-iOSUITests.xctest */,
			);
			name = Products;
			sourceTree = "<group>";
		};
		642516FF24DAF51A0096C173 /* ArchitectureSample-iOS */ = {
			isa = PBXGroup;
			children = (
				6425173124DAFFEE0096C173 /* Application */,
				64821DC124E428A90035247C /* Presentation */,
				6487799624E6C5F800443FF6 /* Domain */,
				6425173024DAFF980096C173 /* Data */,
				6425170024DAF51A0096C173 /* AppDelegate.swift */,
				6425170924DAF51B0096C173 /* Assets.xcassets */,
				6425170B24DAF51B0096C173 /* LaunchScreen.storyboard */,
				6425170E24DAF51B0096C173 /* Info.plist */,
			);
			path = "ArchitectureSample-iOS";
			sourceTree = "<group>";
		};
		6425171624DAF51B0096C173 /* ArchitectureSample-iOSTests */ = {
			isa = PBXGroup;
			children = (
				6425171724DAF51B0096C173 /* ArchitectureSample_iOSTests.swift */,
				6425171924DAF51B0096C173 /* Info.plist */,
			);
			path = "ArchitectureSample-iOSTests";
			sourceTree = "<group>";
		};
		6425172124DAF51B0096C173 /* ArchitectureSample-iOSUITests */ = {
			isa = PBXGroup;
			children = (
				6425172224DAF51B0096C173 /* ArchitectureSample_iOSUITests.swift */,
				6425172424DAF51B0096C173 /* Info.plist */,
			);
			path = "ArchitectureSample-iOSUITests";
			sourceTree = "<group>";
		};
		6425173024DAFF980096C173 /* Data */ = {
			isa = PBXGroup;
			children = (
				648779A124E7CB5400443FF6 /* Repository */,
				648779A024E7CB4700443FF6 /* DataStore */,
				6487799F24E7CB3E00443FF6 /* Entity */,
				6425173224DB000B0096C173 /* Network */,
			);
			path = Data;
			sourceTree = "<group>";
		};
		6425173124DAFFEE0096C173 /* Application */ = {
			isa = PBXGroup;
			children = (
				64B7E120250BAAB3002C1A47 /* Extension */,
				64F9165524F75BF300520D24 /* Builder */,
			);
			path = Application;
			sourceTree = "<group>";
		};
		6425173224DB000B0096C173 /* Network */ = {
			isa = PBXGroup;
			children = (
				6425173324DB002F0096C173 /* APIClient.swift */,
				64563B6724EEAFD0005EEF3A /* Logger.swift */,
				64B7E117250B9DBD002C1A47 /* SearchRepositoryRequest.swift */,
				6459BDDC25110F57002F3FC6 /* RepositoryReadmeRequest.swift */,
			);
			path = Network;
			sourceTree = "<group>";
		};
		645174C92517925900CEF140 /* RepositoryDetail */ = {
			isa = PBXGroup;
			children = (
				645174CB2517928E00CEF140 /* GitHubRepositoryDetailPresenter.swift */,
				645174CD2517929B00CEF140 /* GitHubRepositoryDetailPresenterImpl.swift */,
			);
			path = RepositoryDetail;
			sourceTree = "<group>";
		};
		645174CA2517926500CEF140 /* SearchRepository */ = {
			isa = PBXGroup;
			children = (
				64821DCE24E539520035247C /* GitHubSearchRepositoryPresenter.swift */,
				64B181EE24E53C2C00530280 /* GitHubSearchRepositoryPresenterImpl.swift */,
			);
			path = SearchRepository;
			sourceTree = "<group>";
		};
		64821DC124E428A90035247C /* Presentation */ = {
			isa = PBXGroup;
			children = (
				64821DC424E4292C0035247C /* View */,
				64821DC524E429320035247C /* Presenter */,
			);
			path = Presentation;
			sourceTree = "<group>";
		};
		64821DC424E4292C0035247C /* View */ = {
			isa = PBXGroup;
			children = (
				64821DC924E42A190035247C /* SearchRepository */,
				6487799C24E6C73F00443FF6 /* RepositoryDetail */,
				64B7E125250F7370002C1A47 /* GrayOutActivityIndicatorView.swift */,
				64821DC224E428DE0035247C /* UI.swift */,
			);
			path = View;
			sourceTree = "<group>";
		};
		64821DC524E429320035247C /* Presenter */ = {
			isa = PBXGroup;
			children = (
				645174CA2517926500CEF140 /* SearchRepository */,
				645174C92517925900CEF140 /* RepositoryDetail */,
			);
			path = Presenter;
			sourceTree = "<group>";
		};
		64821DC924E42A190035247C /* SearchRepository */ = {
			isa = PBXGroup;
			children = (
				64821DC724E4299B0035247C /* GitHubSearchRepositoryListViewController.swift */,
				64821DCA24E42A4B0035247C /* GitHubSearchRepositoryUI.swift */,
				64FAEDAA2505C58300F62F33 /* GitHubSearchRepositoryListTableViewCell.swift */,
			);
			path = SearchRepository;
			sourceTree = "<group>";
		};
		6487799624E6C5F800443FF6 /* Domain */ = {
			isa = PBXGroup;
			children = (
				6487799724E6C60A00443FF6 /* UseCase */,
				6487799824E6C61700443FF6 /* Translator */,
				6487799924E6C62800443FF6 /* Model */,
			);
			path = Domain;
			sourceTree = "<group>";
		};
		6487799724E6C60A00443FF6 /* UseCase */ = {
			isa = PBXGroup;
			children = (
				6487799A24E6C67500443FF6 /* GitHubSearchRepositoryUseCase.swift */,
				645174C72517903B00CEF140 /* GitHubRepositoryDetailUseCase.swift */,
			);
			path = UseCase;
			sourceTree = "<group>";
		};
		6487799824E6C61700443FF6 /* Translator */ = {
			isa = PBXGroup;
			children = (
				6464E53E25012D6600C765DC /* Translator.swift */,
				6464E54025012DBD00C765DC /* GitHubRepositoryTranslator.swift */,
				645174C525177D7600CEF140 /* GitHubRepositoryDetailTranslator.swift */,
			);
			path = Translator;
			sourceTree = "<group>";
		};
		6487799924E6C62800443FF6 /* Model */ = {
			isa = PBXGroup;
			children = (
				6464E53C25012C3C00C765DC /* GitHubRepositoryModel.swift */,
				645174C325177C4F00CEF140 /* GitHubRepositoryReadmeModel.swift */,
			);
			path = Model;
			sourceTree = "<group>";
		};
		6487799C24E6C73F00443FF6 /* RepositoryDetail */ = {
			isa = PBXGroup;
			children = (
				6487799D24E6C80300443FF6 /* GitHubRepositoryDetailViewController.swift */,
				645174D12519087C00CEF140 /* GitHubRepositoryDetailUI.swift */,
			);
			path = RepositoryDetail;
			sourceTree = "<group>";
		};
		6487799F24E7CB3E00443FF6 /* Entity */ = {
			isa = PBXGroup;
			children = (
				648779A624E7CBD200443FF6 /* GitHubSearchRepositoryListEntity.swift */,
				645174BD251515CD00CEF140 /* GitHubRepositoryReadmeEntity.swift */,
			);
			path = Entity;
			sourceTree = "<group>";
		};
		648779A024E7CB4700443FF6 /* DataStore */ = {
			isa = PBXGroup;
			children = (
				648779A424E7CBBF00443FF6 /* GitHubSearchRepositoryListDataStore.swift */,
				645174BF2515188800CEF140 /* GitHubRepositoryDetailDataStore.swift */,
			);
			path = DataStore;
			sourceTree = "<group>";
		};
		648779A124E7CB5400443FF6 /* Repository */ = {
			isa = PBXGroup;
			children = (
				648779A224E7CBB200443FF6 /* GitHubSearchRepositoryListRepository.swift */,
				645174C1251748CC00CEF140 /* GitHubRepositoryDetailRepository.swift */,
			);
			path = Repository;
			sourceTree = "<group>";
		};
		64B7E119250BA876002C1A47 /* Frameworks */ = {
			isa = PBXGroup;
			children = (
				645174BA2515072C00CEF140 /* Down.framework */,
				64B7E11A250BA876002C1A47 /* Nuke.framework */,
			);
			name = Frameworks;
			sourceTree = "<group>";
		};
		64B7E120250BAAB3002C1A47 /* Extension */ = {
			isa = PBXGroup;
			children = (
				64B7E121250BAAD8002C1A47 /* UIImageView+Extension.swift */,
				645174D3251A41D700CEF140 /* UIAlertController+Extension.swift */,
			);
			path = Extension;
			sourceTree = "<group>";
		};
		64F9165524F75BF300520D24 /* Builder */ = {
			isa = PBXGroup;
			children = (
				64F9165624F75C1A00520D24 /* ViewControllerBuilder.swift */,
				64F9165824F75C8000520D24 /* GitHubSearchRepositoryListViewControllerBuilder.swift */,
				645174CF251792C600CEF140 /* GitHubRepositoryDetailViewControllerBuilder.swift */,
			);
			path = Builder;
			sourceTree = "<group>";
		};
/* End PBXGroup section */

/* Begin PBXNativeTarget section */
		642516FC24DAF51A0096C173 /* ArchitectureSample-iOS */ = {
			isa = PBXNativeTarget;
			buildConfigurationList = 6425172724DAF51C0096C173 /* Build configuration list for PBXNativeTarget "ArchitectureSample-iOS" */;
			buildPhases = (
				642516F924DAF51A0096C173 /* Sources */,
				642516FA24DAF51A0096C173 /* Frameworks */,
				642516FB24DAF51A0096C173 /* Resources */,
				64B7E11D250BA876002C1A47 /* Embed Frameworks */,
				64B7E11E250BA88B002C1A47 /* Carthage */,
			);
			buildRules = (
			);
			dependencies = (
			);
			name = "ArchitectureSample-iOS";
			productName = "ArchitectureSample-iOS";
			productReference = 642516FD24DAF51A0096C173 /* ArchitectureSample-iOS.app */;
			productType = "com.apple.product-type.application";
		};
		6425171224DAF51B0096C173 /* ArchitectureSample-iOSTests */ = {
			isa = PBXNativeTarget;
			buildConfigurationList = 6425172A24DAF51C0096C173 /* Build configuration list for PBXNativeTarget "ArchitectureSample-iOSTests" */;
			buildPhases = (
				6425170F24DAF51B0096C173 /* Sources */,
				6425171024DAF51B0096C173 /* Frameworks */,
				6425171124DAF51B0096C173 /* Resources */,
			);
			buildRules = (
			);
			dependencies = (
				6425171524DAF51B0096C173 /* PBXTargetDependency */,
			);
			name = "ArchitectureSample-iOSTests";
			productName = "ArchitectureSample-iOSTests";
			productReference = 6425171324DAF51B0096C173 /* ArchitectureSample-iOSTests.xctest */;
			productType = "com.apple.product-type.bundle.unit-test";
		};
		6425171D24DAF51B0096C173 /* ArchitectureSample-iOSUITests */ = {
			isa = PBXNativeTarget;
			buildConfigurationList = 6425172D24DAF51C0096C173 /* Build configuration list for PBXNativeTarget "ArchitectureSample-iOSUITests" */;
			buildPhases = (
				6425171A24DAF51B0096C173 /* Sources */,
				6425171B24DAF51B0096C173 /* Frameworks */,
				6425171C24DAF51B0096C173 /* Resources */,
			);
			buildRules = (
			);
			dependencies = (
				6425172024DAF51B0096C173 /* PBXTargetDependency */,
			);
			name = "ArchitectureSample-iOSUITests";
			productName = "ArchitectureSample-iOSUITests";
			productReference = 6425171E24DAF51B0096C173 /* ArchitectureSample-iOSUITests.xctest */;
			productType = "com.apple.product-type.bundle.ui-testing";
		};
/* End PBXNativeTarget section */

/* Begin PBXProject section */
		642516F524DAF51A0096C173 /* Project object */ = {
			isa = PBXProject;
			attributes = {
				LastSwiftUpdateCheck = 1130;
				LastUpgradeCheck = 1130;
				ORGANIZATIONNAME = Hiroki;
				TargetAttributes = {
					642516FC24DAF51A0096C173 = {
						CreatedOnToolsVersion = 11.3;
					};
					6425171224DAF51B0096C173 = {
						CreatedOnToolsVersion = 11.3;
						TestTargetID = 642516FC24DAF51A0096C173;
					};
					6425171D24DAF51B0096C173 = {
						CreatedOnToolsVersion = 11.3;
						TestTargetID = 642516FC24DAF51A0096C173;
					};
				};
			};
			buildConfigurationList = 642516F824DAF51A0096C173 /* Build configuration list for PBXProject "ArchitectureSample-iOS" */;
			compatibilityVersion = "Xcode 9.3";
			developmentRegion = en;
			hasScannedForEncodings = 0;
			knownRegions = (
				en,
				Base,
			);
			mainGroup = 642516F424DAF51A0096C173;
			productRefGroup = 642516FE24DAF51A0096C173 /* Products */;
			projectDirPath = "";
			projectRoot = "";
			targets = (
				642516FC24DAF51A0096C173 /* ArchitectureSample-iOS */,
				6425171224DAF51B0096C173 /* ArchitectureSample-iOSTests */,
				6425171D24DAF51B0096C173 /* ArchitectureSample-iOSUITests */,
			);
		};
/* End PBXProject section */

/* Begin PBXResourcesBuildPhase section */
		642516FB24DAF51A0096C173 /* Resources */ = {
			isa = PBXResourcesBuildPhase;
			buildActionMask = 2147483647;
			files = (
				6425170D24DAF51B0096C173 /* LaunchScreen.storyboard in Resources */,
				6425170A24DAF51B0096C173 /* Assets.xcassets in Resources */,
			);
			runOnlyForDeploymentPostprocessing = 0;
		};
		6425171124DAF51B0096C173 /* Resources */ = {
			isa = PBXResourcesBuildPhase;
			buildActionMask = 2147483647;
			files = (
			);
			runOnlyForDeploymentPostprocessing = 0;
		};
		6425171C24DAF51B0096C173 /* Resources */ = {
			isa = PBXResourcesBuildPhase;
			buildActionMask = 2147483647;
			files = (
			);
			runOnlyForDeploymentPostprocessing = 0;
		};
/* End PBXResourcesBuildPhase section */

/* Begin PBXShellScriptBuildPhase section */
		64B7E11E250BA88B002C1A47 /* Carthage */ = {
			isa = PBXShellScriptBuildPhase;
			buildActionMask = 2147483647;
			files = (
			);
			inputFileListPaths = (
			);
			inputPaths = (
				"$(SRCROOT)/Carthage/Build/iOS/Nuke.framework",
				"$(SRCROOT)/Carthage/Build/iOS/Down.framework",
			);
			name = Carthage;
			outputFileListPaths = (
			);
			outputPaths = (
			);
			runOnlyForDeploymentPostprocessing = 0;
			shellPath = /bin/sh;
			shellScript = "/usr/local/bin/carthage copy-frameworks\n";
		};
/* End PBXShellScriptBuildPhase section */

/* Begin PBXSourcesBuildPhase section */
		642516F924DAF51A0096C173 /* Sources */ = {
			isa = PBXSourcesBuildPhase;
			buildActionMask = 2147483647;
			files = (
				6464E54125012DBD00C765DC /* GitHubRepositoryTranslator.swift in Sources */,
				64FAEDAB2505C58300F62F33 /* GitHubSearchRepositoryListTableViewCell.swift in Sources */,
				64F9165724F75C1A00520D24 /* ViewControllerBuilder.swift in Sources */,
				648779A324E7CBB200443FF6 /* GitHubSearchRepositoryListRepository.swift in Sources */,
				6464E53D25012C3C00C765DC /* GitHubRepositoryModel.swift in Sources */,
				6464E53F25012D6600C765DC /* Translator.swift in Sources */,
				6487799B24E6C67500443FF6 /* GitHubSearchRepositoryUseCase.swift in Sources */,
				6425170124DAF51A0096C173 /* AppDelegate.swift in Sources */,
				645174D0251792C600CEF140 /* GitHubRepositoryDetailViewControllerBuilder.swift in Sources */,
				64821DC824E4299B0035247C /* GitHubSearchRepositoryListViewController.swift in Sources */,
				64B7E126250F7370002C1A47 /* GrayOutActivityIndicatorView.swift in Sources */,
				64B7E122250BAAD8002C1A47 /* UIImageView+Extension.swift in Sources */,
				6425173424DB002F0096C173 /* APIClient.swift in Sources */,
				645174CC2517928E00CEF140 /* GitHubRepositoryDetailPresenter.swift in Sources */,
				6487799E24E6C80300443FF6 /* GitHubRepositoryDetailViewController.swift in Sources */,
				64821DCF24E539520035247C /* GitHubSearchRepositoryPresenter.swift in Sources */,
				648779A724E7CBD200443FF6 /* GitHubSearchRepositoryListEntity.swift in Sources */,
				645174D22519087C00CEF140 /* GitHubRepositoryDetailUI.swift in Sources */,
				64821DC324E428DE0035247C /* UI.swift in Sources */,
				645174C02515188800CEF140 /* GitHubRepositoryDetailDataStore.swift in Sources */,
				645174C2251748CC00CEF140 /* GitHubRepositoryDetailRepository.swift in Sources */,
				64563B6824EEAFD0005EEF3A /* Logger.swift in Sources */,
				64821DCB24E42A4B0035247C /* GitHubSearchRepositoryUI.swift in Sources */,
				645174C625177D7600CEF140 /* GitHubRepositoryDetailTranslator.swift in Sources */,
				645174CE2517929B00CEF140 /* GitHubRepositoryDetailPresenterImpl.swift in Sources */,
				64F9165924F75C8000520D24 /* GitHubSearchRepositoryListViewControllerBuilder.swift in Sources */,
				6459BDDD25110F57002F3FC6 /* RepositoryReadmeRequest.swift in Sources */,
				64B181EF24E53C2C00530280 /* GitHubSearchRepositoryPresenterImpl.swift in Sources */,
				648779A524E7CBBF00443FF6 /* GitHubSearchRepositoryListDataStore.swift in Sources */,
				645174C82517903B00CEF140 /* GitHubRepositoryDetailUseCase.swift in Sources */,
				645174D4251A41D700CEF140 /* UIAlertController+Extension.swift in Sources */,
				645174C425177C4F00CEF140 /* GitHubRepositoryReadmeModel.swift in Sources */,
				64B7E118250B9DBD002C1A47 /* SearchRepositoryRequest.swift in Sources */,
				645174BE251515CD00CEF140 /* GitHubRepositoryReadmeEntity.swift in Sources */,
			);
			runOnlyForDeploymentPostprocessing = 0;
		};
		6425170F24DAF51B0096C173 /* Sources */ = {
			isa = PBXSourcesBuildPhase;
			buildActionMask = 2147483647;
			files = (
				6425171824DAF51B0096C173 /* ArchitectureSample_iOSTests.swift in Sources */,
			);
			runOnlyForDeploymentPostprocessing = 0;
		};
		6425171A24DAF51B0096C173 /* Sources */ = {
			isa = PBXSourcesBuildPhase;
			buildActionMask = 2147483647;
			files = (
				6425172324DAF51B0096C173 /* ArchitectureSample_iOSUITests.swift in Sources */,
			);
			runOnlyForDeploymentPostprocessing = 0;
		};
/* End PBXSourcesBuildPhase section */

/* Begin PBXTargetDependency section */
		6425171524DAF51B0096C173 /* PBXTargetDependency */ = {
			isa = PBXTargetDependency;
			target = 642516FC24DAF51A0096C173 /* ArchitectureSample-iOS */;
			targetProxy = 6425171424DAF51B0096C173 /* PBXContainerItemProxy */;
		};
		6425172024DAF51B0096C173 /* PBXTargetDependency */ = {
			isa = PBXTargetDependency;
			target = 642516FC24DAF51A0096C173 /* ArchitectureSample-iOS */;
			targetProxy = 6425171F24DAF51B0096C173 /* PBXContainerItemProxy */;
		};
/* End PBXTargetDependency section */

/* Begin PBXVariantGroup section */
		6425170B24DAF51B0096C173 /* LaunchScreen.storyboard */ = {
			isa = PBXVariantGroup;
			children = (
				6425170C24DAF51B0096C173 /* Base */,
			);
			name = LaunchScreen.storyboard;
			sourceTree = "<group>";
		};
/* End PBXVariantGroup section */

/* Begin XCBuildConfiguration section */
		6425172524DAF51C0096C173 /* Debug */ = {
			isa = XCBuildConfiguration;
			buildSettings = {
				ALWAYS_SEARCH_USER_PATHS = NO;
				CLANG_ANALYZER_NONNULL = YES;
				CLANG_ANALYZER_NUMBER_OBJECT_CONVERSION = YES_AGGRESSIVE;
				CLANG_CXX_LANGUAGE_STANDARD = "gnu++14";
				CLANG_CXX_LIBRARY = "libc++";
				CLANG_ENABLE_MODULES = YES;
				CLANG_ENABLE_OBJC_ARC = YES;
				CLANG_ENABLE_OBJC_WEAK = YES;
				CLANG_WARN_BLOCK_CAPTURE_AUTORELEASING = YES;
				CLANG_WARN_BOOL_CONVERSION = YES;
				CLANG_WARN_COMMA = YES;
				CLANG_WARN_CONSTANT_CONVERSION = YES;
				CLANG_WARN_DEPRECATED_OBJC_IMPLEMENTATIONS = YES;
				CLANG_WARN_DIRECT_OBJC_ISA_USAGE = YES_ERROR;
				CLANG_WARN_DOCUMENTATION_COMMENTS = YES;
				CLANG_WARN_EMPTY_BODY = YES;
				CLANG_WARN_ENUM_CONVERSION = YES;
				CLANG_WARN_INFINITE_RECURSION = YES;
				CLANG_WARN_INT_CONVERSION = YES;
				CLANG_WARN_NON_LITERAL_NULL_CONVERSION = YES;
				CLANG_WARN_OBJC_IMPLICIT_RETAIN_SELF = YES;
				CLANG_WARN_OBJC_LITERAL_CONVERSION = YES;
				CLANG_WARN_OBJC_ROOT_CLASS = YES_ERROR;
				CLANG_WARN_RANGE_LOOP_ANALYSIS = YES;
				CLANG_WARN_STRICT_PROTOTYPES = YES;
				CLANG_WARN_SUSPICIOUS_MOVE = YES;
				CLANG_WARN_UNGUARDED_AVAILABILITY = YES_AGGRESSIVE;
				CLANG_WARN_UNREACHABLE_CODE = YES;
				CLANG_WARN__DUPLICATE_METHOD_MATCH = YES;
				COPY_PHASE_STRIP = NO;
				DEBUG_INFORMATION_FORMAT = dwarf;
				ENABLE_STRICT_OBJC_MSGSEND = YES;
				ENABLE_TESTABILITY = YES;
				GCC_C_LANGUAGE_STANDARD = gnu11;
				GCC_DYNAMIC_NO_PIC = NO;
				GCC_NO_COMMON_BLOCKS = YES;
				GCC_OPTIMIZATION_LEVEL = 0;
				GCC_PREPROCESSOR_DEFINITIONS = (
					"DEBUG=1",
					"$(inherited)",
				);
				GCC_WARN_64_TO_32_BIT_CONVERSION = YES;
				GCC_WARN_ABOUT_RETURN_TYPE = YES_ERROR;
				GCC_WARN_UNDECLARED_SELECTOR = YES;
				GCC_WARN_UNINITIALIZED_AUTOS = YES_AGGRESSIVE;
				GCC_WARN_UNUSED_FUNCTION = YES;
				GCC_WARN_UNUSED_VARIABLE = YES;
				IPHONEOS_DEPLOYMENT_TARGET = 12.0;
				MTL_ENABLE_DEBUG_INFO = INCLUDE_SOURCE;
				MTL_FAST_MATH = YES;
				ONLY_ACTIVE_ARCH = YES;
				SDKROOT = iphoneos;
				SWIFT_ACTIVE_COMPILATION_CONDITIONS = DEBUG;
				SWIFT_OPTIMIZATION_LEVEL = "-Onone";
			};
			name = Debug;
		};
		6425172624DAF51C0096C173 /* Release */ = {
			isa = XCBuildConfiguration;
			buildSettings = {
				ALWAYS_SEARCH_USER_PATHS = NO;
				CLANG_ANALYZER_NONNULL = YES;
				CLANG_ANALYZER_NUMBER_OBJECT_CONVERSION = YES_AGGRESSIVE;
				CLANG_CXX_LANGUAGE_STANDARD = "gnu++14";
				CLANG_CXX_LIBRARY = "libc++";
				CLANG_ENABLE_MODULES = YES;
				CLANG_ENABLE_OBJC_ARC = YES;
				CLANG_ENABLE_OBJC_WEAK = YES;
				CLANG_WARN_BLOCK_CAPTURE_AUTORELEASING = YES;
				CLANG_WARN_BOOL_CONVERSION = YES;
				CLANG_WARN_COMMA = YES;
				CLANG_WARN_CONSTANT_CONVERSION = YES;
				CLANG_WARN_DEPRECATED_OBJC_IMPLEMENTATIONS = YES;
				CLANG_WARN_DIRECT_OBJC_ISA_USAGE = YES_ERROR;
				CLANG_WARN_DOCUMENTATION_COMMENTS = YES;
				CLANG_WARN_EMPTY_BODY = YES;
				CLANG_WARN_ENUM_CONVERSION = YES;
				CLANG_WARN_INFINITE_RECURSION = YES;
				CLANG_WARN_INT_CONVERSION = YES;
				CLANG_WARN_NON_LITERAL_NULL_CONVERSION = YES;
				CLANG_WARN_OBJC_IMPLICIT_RETAIN_SELF = YES;
				CLANG_WARN_OBJC_LITERAL_CONVERSION = YES;
				CLANG_WARN_OBJC_ROOT_CLASS = YES_ERROR;
				CLANG_WARN_RANGE_LOOP_ANALYSIS = YES;
				CLANG_WARN_STRICT_PROTOTYPES = YES;
				CLANG_WARN_SUSPICIOUS_MOVE = YES;
				CLANG_WARN_UNGUARDED_AVAILABILITY = YES_AGGRESSIVE;
				CLANG_WARN_UNREACHABLE_CODE = YES;
				CLANG_WARN__DUPLICATE_METHOD_MATCH = YES;
				COPY_PHASE_STRIP = NO;
				DEBUG_INFORMATION_FORMAT = "dwarf-with-dsym";
				ENABLE_NS_ASSERTIONS = NO;
				ENABLE_STRICT_OBJC_MSGSEND = YES;
				GCC_C_LANGUAGE_STANDARD = gnu11;
				GCC_NO_COMMON_BLOCKS = YES;
				GCC_WARN_64_TO_32_BIT_CONVERSION = YES;
				GCC_WARN_ABOUT_RETURN_TYPE = YES_ERROR;
				GCC_WARN_UNDECLARED_SELECTOR = YES;
				GCC_WARN_UNINITIALIZED_AUTOS = YES_AGGRESSIVE;
				GCC_WARN_UNUSED_FUNCTION = YES;
				GCC_WARN_UNUSED_VARIABLE = YES;
				IPHONEOS_DEPLOYMENT_TARGET = 12.0;
				MTL_ENABLE_DEBUG_INFO = NO;
				MTL_FAST_MATH = YES;
				SDKROOT = iphoneos;
				SWIFT_COMPILATION_MODE = wholemodule;
				SWIFT_OPTIMIZATION_LEVEL = "-O";
				VALIDATE_PRODUCT = YES;
			};
			name = Release;
		};
		6425172824DAF51C0096C173 /* Debug */ = {
			isa = XCBuildConfiguration;
			buildSettings = {
				ASSETCATALOG_COMPILER_APPICON_NAME = AppIcon;
				CODE_SIGN_STYLE = Automatic;
				DEVELOPMENT_TEAM = S3HHDVY962;
				FRAMEWORK_SEARCH_PATHS = (
					"$(inherited)",
					"$(PROJECT_DIR)/Carthage/Build/iOS",
				);
				INFOPLIST_FILE = "ArchitectureSample-iOS/Info.plist";
				LD_RUNPATH_SEARCH_PATHS = (
					"$(inherited)",
					"@executable_path/Frameworks",
				);
				PRODUCT_BUNDLE_IDENTIFIER = "com.example.ArchitectureSample-iOS";
				PRODUCT_NAME = "$(TARGET_NAME)";
				SWIFT_VERSION = 5.0;
				TARGETED_DEVICE_FAMILY = "1,2";
			};
			name = Debug;
		};
		6425172924DAF51C0096C173 /* Release */ = {
			isa = XCBuildConfiguration;
			buildSettings = {
				ASSETCATALOG_COMPILER_APPICON_NAME = AppIcon;
				CODE_SIGN_STYLE = Automatic;
				DEVELOPMENT_TEAM = S3HHDVY962;
				FRAMEWORK_SEARCH_PATHS = (
					"$(inherited)",
					"$(PROJECT_DIR)/Carthage/Build/iOS",
				);
				INFOPLIST_FILE = "ArchitectureSample-iOS/Info.plist";
				LD_RUNPATH_SEARCH_PATHS = (
					"$(inherited)",
					"@executable_path/Frameworks",
				);
				PRODUCT_BUNDLE_IDENTIFIER = "com.example.ArchitectureSample-iOS";
				PRODUCT_NAME = "$(TARGET_NAME)";
				SWIFT_VERSION = 5.0;
				TARGETED_DEVICE_FAMILY = "1,2";
			};
			name = Release;
		};
		6425172B24DAF51C0096C173 /* Debug */ = {
			isa = XCBuildConfiguration;
			buildSettings = {
				ALWAYS_EMBED_SWIFT_STANDARD_LIBRARIES = YES;
				BUNDLE_LOADER = "$(TEST_HOST)";
				CODE_SIGN_STYLE = Automatic;
				DEVELOPMENT_TEAM = S3HHDVY962;
				INFOPLIST_FILE = "ArchitectureSample-iOSTests/Info.plist";
				IPHONEOS_DEPLOYMENT_TARGET = 13.2;
				LD_RUNPATH_SEARCH_PATHS = (
					"$(inherited)",
					"@executable_path/Frameworks",
					"@loader_path/Frameworks",
				);
				PRODUCT_BUNDLE_IDENTIFIER = "com.example.ArchitectureSample-iOSTests";
				PRODUCT_NAME = "$(TARGET_NAME)";
				SWIFT_VERSION = 5.0;
				TARGETED_DEVICE_FAMILY = "1,2";
				TEST_HOST = "$(BUILT_PRODUCTS_DIR)/ArchitectureSample-iOS.app/ArchitectureSample-iOS";
			};
			name = Debug;
		};
		6425172C24DAF51C0096C173 /* Release */ = {
			isa = XCBuildConfiguration;
			buildSettings = {
				ALWAYS_EMBED_SWIFT_STANDARD_LIBRARIES = YES;
				BUNDLE_LOADER = "$(TEST_HOST)";
				CODE_SIGN_STYLE = Automatic;
				DEVELOPMENT_TEAM = S3HHDVY962;
				INFOPLIST_FILE = "ArchitectureSample-iOSTests/Info.plist";
				IPHONEOS_DEPLOYMENT_TARGET = 13.2;
				LD_RUNPATH_SEARCH_PATHS = (
					"$(inherited)",
					"@executable_path/Frameworks",
					"@loader_path/Frameworks",
				);
				PRODUCT_BUNDLE_IDENTIFIER = "com.example.ArchitectureSample-iOSTests";
				PRODUCT_NAME = "$(TARGET_NAME)";
				SWIFT_VERSION = 5.0;
				TARGETED_DEVICE_FAMILY = "1,2";
				TEST_HOST = "$(BUILT_PRODUCTS_DIR)/ArchitectureSample-iOS.app/ArchitectureSample-iOS";
			};
			name = Release;
		};
		6425172E24DAF51C0096C173 /* Debug */ = {
			isa = XCBuildConfiguration;
			buildSettings = {
				ALWAYS_EMBED_SWIFT_STANDARD_LIBRARIES = YES;
				CODE_SIGN_STYLE = Automatic;
				DEVELOPMENT_TEAM = S3HHDVY962;
				INFOPLIST_FILE = "ArchitectureSample-iOSUITests/Info.plist";
				LD_RUNPATH_SEARCH_PATHS = (
					"$(inherited)",
					"@executable_path/Frameworks",
					"@loader_path/Frameworks",
				);
				PRODUCT_BUNDLE_IDENTIFIER = "com.example.ArchitectureSample-iOSUITests";
				PRODUCT_NAME = "$(TARGET_NAME)";
				SWIFT_VERSION = 5.0;
				TARGETED_DEVICE_FAMILY = "1,2";
				TEST_TARGET_NAME = "ArchitectureSample-iOS";
			};
			name = Debug;
		};
		6425172F24DAF51C0096C173 /* Release */ = {
			isa = XCBuildConfiguration;
			buildSettings = {
				ALWAYS_EMBED_SWIFT_STANDARD_LIBRARIES = YES;
				CODE_SIGN_STYLE = Automatic;
				DEVELOPMENT_TEAM = S3HHDVY962;
				INFOPLIST_FILE = "ArchitectureSample-iOSUITests/Info.plist";
				LD_RUNPATH_SEARCH_PATHS = (
					"$(inherited)",
					"@executable_path/Frameworks",
					"@loader_path/Frameworks",
				);
				PRODUCT_BUNDLE_IDENTIFIER = "com.example.ArchitectureSample-iOSUITests";
				PRODUCT_NAME = "$(TARGET_NAME)";
				SWIFT_VERSION = 5.0;
				TARGETED_DEVICE_FAMILY = "1,2";
				TEST_TARGET_NAME = "ArchitectureSample-iOS";
			};
			name = Release;
		};
/* End XCBuildConfiguration section */

/* Begin XCConfigurationList section */
		642516F824DAF51A0096C173 /* Build configuration list for PBXProject "ArchitectureSample-iOS" */ = {
			isa = XCConfigurationList;
			buildConfigurations = (
				6425172524DAF51C0096C173 /* Debug */,
				6425172624DAF51C0096C173 /* Release */,
			);
			defaultConfigurationIsVisible = 0;
			defaultConfigurationName = Release;
		};
		6425172724DAF51C0096C173 /* Build configuration list for PBXNativeTarget "ArchitectureSample-iOS" */ = {
			isa = XCConfigurationList;
			buildConfigurations = (
				6425172824DAF51C0096C173 /* Debug */,
				6425172924DAF51C0096C173 /* Release */,
			);
			defaultConfigurationIsVisible = 0;
			defaultConfigurationName = Release;
		};
		6425172A24DAF51C0096C173 /* Build configuration list for PBXNativeTarget "ArchitectureSample-iOSTests" */ = {
			isa = XCConfigurationList;
			buildConfigurations = (
				6425172B24DAF51C0096C173 /* Debug */,
				6425172C24DAF51C0096C173 /* Release */,
			);
			defaultConfigurationIsVisible = 0;
			defaultConfigurationName = Release;
		};
		6425172D24DAF51C0096C173 /* Build configuration list for PBXNativeTarget "ArchitectureSample-iOSUITests" */ = {
			isa = XCConfigurationList;
			buildConfigurations = (
				6425172E24DAF51C0096C173 /* Debug */,
				6425172F24DAF51C0096C173 /* Release */,
			);
			defaultConfigurationIsVisible = 0;
			defaultConfigurationName = Release;
		};
/* End XCConfigurationList section */
	};
	rootObject = 642516F524DAF51A0096C173 /* Project object */;
}
